
Microsoft Visual Studio Solution File, Format Version 12.00
# Visual Studio Version 16
VisualStudioVersion = 16.0.29911.84
MinimumVisualStudioVersion = 10.0.40219.1
Project("{FAE04EC0-301F-11D3-BF4B-00C04F79EFBC}") = "Magacin_PBP", "Magacin_PBP.csproj", "{434CB1F7-EC49-49E8-A2B3-E0AD0A527403}"
EndProject
Global
	GlobalSection(SolutionConfigurationPlatforms) = preSolution
		Debug|Any CPU = Debug|Any CPU
		Release|Any CPU = Release|Any CPU
	EndGlobalSection
	GlobalSection(ProjectConfigurationPlatforms) = postSolution
		{434CB1F7-EC49-49E8-A2B3-E0AD0A527403}.Debug|Any CPU.ActiveCfg = Debug|Any CPU
		{434CB1F7-EC49-49E8-A2B3-E0AD0A527403}.Debug|Any CPU.Build.0 = Debug|Any CPU
		{434CB1F7-EC49-49E8-A2B3-E0AD0A527403}.Release|Any CPU.ActiveCfg = Release|Any CPU
		{434CB1F7-EC49-49E8-A2B3-E0AD0A527403}.Release|Any CPU.Build.0 = Release|Any CPU
	EndGlobalSection
	GlobalSection(SolutionProperties) = preSolution
		HideSolutionNode = FALSE
	EndGlobalSection
	GlobalSection(ExtensibilityGlobals) = postSolution
		SolutionGuid = {47F9A2F0-D77E-44DE-956E-9F796E3C10BB}
	EndGlobalSection
EndGlobal
